Microsoft Visual Studio Solution File, Format Version 12.00
# Visual Studio Version 17
VisualStudioVersion = 17.5.2.0
MinimumVisualStudioVersion = 10.0.40219.1
Project("{2150E333-8FDC-42A3-9474-1A3956D46DE8}") = "products", "products", "{91DB166F-8FA8-D710-9FF9-784B929F57E0}"
EndProject
Project("{FAE04EC0-301F-11D3-BF4B-00C04F79EFBC}") = "calculator", "products\calculator\calculator.csproj", "{D2A1A17C-E4AC-EA6C-A785-83455F0553B9}"
EndProject
Project("{FAE04EC0-301F-11D3-BF4B-00C04F79EFBC}") = "clocks", "products\clocks\clocks.csproj", "{99BCBFB3-C25F-9388-DF7D-C95D8846B925}"
EndProject
Project("{FAE04EC0-301F-11D3-BF4B-00C04F79EFBC}") = "explorer", "products\explorer\explorer.csproj", "{6EF4D342-16A8-A7B9-6367-596F2B9606BB}"
EndProject
Project("{2150E333-8FDC-42A3-9474-1A3956D46DE8}") = "terminal", "terminal", "{0CAB0188-D2B9-AF7F-9B9E-019EB9D18DB6}"
EndProject
Project("{FAE04EC0-301F-11D3-BF4B-00C04F79EFBC}") = "NetherOSTerminal", "products\terminal\NetherOSTerminal.csproj", "{71BB6BEF-157F-DF2D-9F50-339827B96F35}"
EndProject
Project("{FAE04EC0-301F-11D3-BF4B-00C04F79EFBC}") = "ui", "products\ui\ui.csproj", "{F0D07CD4-D34F-EE85-D4CC-754A5E2C30CC}"
EndProject
Global
	GlobalSection(SolutionConfigurationPlatforms) = preSolution
		Debug|Any CPU = Debug|Any CPU
		Release|Any CPU = Release|Any CPU
	EndGlobalSection
	GlobalSection(ProjectConfigurationPlatforms) = postSolution
		{D2A1A17C-E4AC-EA6C-A785-83455F0553B9}.Debug|Any CPU.ActiveCfg = Debug|Any CPU
		{D2A1A17C-E4AC-EA6C-A785-83455F0553B9}.Debug|Any CPU.Build.0 = Debug|Any CPU
		{D2A1A17C-E4AC-EA6C-A785-83455F0553B9}.Release|Any CPU.ActiveCfg = Release|Any CPU
		{D2A1A17C-E4AC-EA6C-A785-83455F0553B9}.Release|Any CPU.Build.0 = Release|Any CPU
		{99BCBFB3-C25F-9388-DF7D-C95D8846B925}.Debug|Any CPU.ActiveCfg = Debug|Any CPU
		{99BCBFB3-C25F-9388-DF7D-C95D8846B925}.Debug|Any CPU.Build.0 = Debug|Any CPU
		{99BCBFB3-C25F-9388-DF7D-C95D8846B925}.Release|Any CPU.ActiveCfg = Release|Any CPU
		{99BCBFB3-C25F-9388-DF7D-C95D8846B925}.Release|Any CPU.Build.0 = Release|Any CPU
		{6EF4D342-16A8-A7B9-6367-596F2B9606BB}.Debug|Any CPU.ActiveCfg = Debug|Any CPU
		{6EF4D342-16A8-A7B9-6367-596F2B9606BB}.Debug|Any CPU.Build.0 = Debug|Any CPU
		{6EF4D342-16A8-A7B9-6367-596F2B9606BB}.Release|Any CPU.ActiveCfg = Release|Any CPU
		{6EF4D342-16A8-A7B9-6367-596F2B9606BB}.Release|Any CPU.Build.0 = Release|Any CPU
		{71BB6BEF-157F-DF2D-9F50-339827B96F35}.Debug|Any CPU.ActiveCfg = Debug|Any CPU
		{71BB6BEF-157F-DF2D-9F50-339827B96F35}.Debug|Any CPU.Build.0 = Debug|Any CPU
		{71BB6BEF-157F-DF2D-9F50-339827B96F35}.Release|Any CPU.ActiveCfg = Release|Any CPU
		{71BB6BEF-157F-DF2D-9F50-339827B96F35}.Release|Any CPU.Build.0 = Release|Any CPU
		{F0D07CD4-D34F-EE85-D4CC-754A5E2C30CC}.Debug|Any CPU.ActiveCfg = Debug|Any CPU
		{F0D07CD4-D34F-EE85-D4CC-754A5E2C30CC}.Debug|Any CPU.Build.0 = Debug|Any CPU
		{F0D07CD4-D34F-EE85-D4CC-754A5E2C30CC}.Release|Any CPU.ActiveCfg = Release|Any CPU
		{F0D07CD4-D34F-EE85-D4CC-754A5E2C30CC}.Release|Any CPU.Build.0 = Release|Any CPU
	EndGlobalSection
	GlobalSection(SolutionProperties) = preSolution
		HideSolutionNode = FALSE
	EndGlobalSection
	GlobalSection(NestedProjects) = preSolution
		{D2A1A17C-E4AC-EA6C-A785-83455F0553B9} = {91DB166F-8FA8-D710-9FF9-784B929F57E0}
		{99BCBFB3-C25F-9388-DF7D-C95D8846B925} = {91DB166F-8FA8-D710-9FF9-784B929F57E0}
		{6EF4D342-16A8-A7B9-6367-596F2B9606BB} = {91DB166F-8FA8-D710-9FF9-784B929F57E0}
		{0CAB0188-D2B9-AF7F-9B9E-019EB9D18DB6} = {91DB166F-8FA8-D710-9FF9-784B929F57E0}
		{71BB6BEF-157F-DF2D-9F50-339827B96F35} = {0CAB0188-D2B9-AF7F-9B9E-019EB9D18DB6}
		{F0D07CD4-D34F-EE85-D4CC-754A5E2C30CC} = {91DB166F-8FA8-D710-9FF9-784B929F57E0}
	EndGlobalSection
	GlobalSection(ExtensibilityGlobals) = postSolution
		SolutionGuid = {9E9618B2-15B3-4412-8D43-CAD7B8E43ECB}
	EndGlobalSection
EndGlobal
