Microsoft Visual Studio Solution File, Format Version 12.00
# Visual Studio Version 17
VisualStudioVersion = 17.5.2.0
MinimumVisualStudioVersion = 10.0.40219.1
Project("{2150E333-8FDC-42A3-9474-1A3956D46DE8}") = "source-codes", "source-codes", "{C1B0ED89-21F0-4AC7-5F46-ADBA44E225F7}"
EndProject
Project("{FAE04EC0-301F-11D3-BF4B-00C04F79EFBC}") = "calculator", "source-codes\calculator\calculator.csproj", "{9B1176FA-492D-99C8-5183-F8EB6E95E9D4}"
EndProject
Project("{FAE04EC0-301F-11D3-BF4B-00C04F79EFBC}") = "clocks", "source-codes\clocks\clocks.csproj", "{4CB9FA4A-9DD3-1295-5EDB-6240E3056C5A}"
EndProject
Project("{FAE04EC0-301F-11D3-BF4B-00C04F79EFBC}") = "explorer", "source-codes\explorer\explorer.csproj", "{1D1D13F9-AD9F-C66A-683F-F9D160D65194}"
EndProject
Project("{FAE04EC0-301F-11D3-BF4B-00C04F79EFBC}") = "music-player", "source-codes\music-player\music-player.csproj", "{12740B35-403A-A562-29A6-1C5317CD921D}"
EndProject
Project("{FAE04EC0-301F-11D3-BF4B-00C04F79EFBC}") = "photo-viewer", "source-codes\photo-viewer\photo-viewer.csproj", "{BB7F3155-A1CD-D418-5D0D-3BAAAA3D60A9}"
EndProject
Project("{FAE04EC0-301F-11D3-BF4B-00C04F79EFBC}") = "server", "source-codes\server\server.csproj", "{7F5E1CD7-B740-A320-B107-868B7144DA60}"
EndProject
Project("{2150E333-8FDC-42A3-9474-1A3956D46DE8}") = "terminal", "terminal", "{EACBC916-0C10-975D-1DEB-25F9D021096F}"
EndProject
Project("{FAE04EC0-301F-11D3-BF4B-00C04F79EFBC}") = "NetherOSTerminal", "source-codes\terminal\NetherOSTerminal.csproj", "{45B9CE35-60D2-30F4-266D-200CC70F4B0B}"
EndProject
Project("{FAE04EC0-301F-11D3-BF4B-00C04F79EFBC}") = "ui", "source-codes\ui\ui.csproj", "{BDA2B2D6-B3F8-42BC-1B40-869D6B61CC51}"
EndProject
Global
	GlobalSection(SolutionConfigurationPlatforms) = preSolution
		Debug|Any CPU = Debug|Any CPU
		Release|Any CPU = Release|Any CPU
	EndGlobalSection
	GlobalSection(ProjectConfigurationPlatforms) = postSolution
		{9B1176FA-492D-99C8-5183-F8EB6E95E9D4}.Debug|Any CPU.ActiveCfg = Debug|Any CPU
		{9B1176FA-492D-99C8-5183-F8EB6E95E9D4}.Debug|Any CPU.Build.0 = Debug|Any CPU
		{9B1176FA-492D-99C8-5183-F8EB6E95E9D4}.Release|Any CPU.ActiveCfg = Release|Any CPU
		{9B1176FA-492D-99C8-5183-F8EB6E95E9D4}.Release|Any CPU.Build.0 = Release|Any CPU
		{4CB9FA4A-9DD3-1295-5EDB-6240E3056C5A}.Debug|Any CPU.ActiveCfg = Debug|Any CPU
		{4CB9FA4A-9DD3-1295-5EDB-6240E3056C5A}.Debug|Any CPU.Build.0 = Debug|Any CPU
		{4CB9FA4A-9DD3-1295-5EDB-6240E3056C5A}.Release|Any CPU.ActiveCfg = Release|Any CPU
		{4CB9FA4A-9DD3-1295-5EDB-6240E3056C5A}.Release|Any CPU.Build.0 = Release|Any CPU
		{1D1D13F9-AD9F-C66A-683F-F9D160D65194}.Debug|Any CPU.ActiveCfg = Debug|Any CPU
		{1D1D13F9-AD9F-C66A-683F-F9D160D65194}.Debug|Any CPU.Build.0 = Debug|Any CPU
		{1D1D13F9-AD9F-C66A-683F-F9D160D65194}.Release|Any CPU.ActiveCfg = Release|Any CPU
		{1D1D13F9-AD9F-C66A-683F-F9D160D65194}.Release|Any CPU.Build.0 = Release|Any CPU
		{12740B35-403A-A562-29A6-1C5317CD921D}.Debug|Any CPU.ActiveCfg = Debug|Any CPU
		{12740B35-403A-A562-29A6-1C5317CD921D}.Debug|Any CPU.Build.0 = Debug|Any CPU
		{12740B35-403A-A562-29A6-1C5317CD921D}.Release|Any CPU.ActiveCfg = Release|Any CPU
		{12740B35-403A-A562-29A6-1C5317CD921D}.Release|Any CPU.Build.0 = Release|Any CPU
		{BB7F3155-A1CD-D418-5D0D-3BAAAA3D60A9}.Debug|Any CPU.ActiveCfg = Debug|Any CPU
		{BB7F3155-A1CD-D418-5D0D-3BAAAA3D60A9}.Debug|Any CPU.Build.0 = Debug|Any CPU
		{BB7F3155-A1CD-D418-5D0D-3BAAAA3D60A9}.Release|Any CPU.ActiveCfg = Release|Any CPU
		{BB7F3155-A1CD-D418-5D0D-3BAAAA3D60A9}.Release|Any CPU.Build.0 = Release|Any CPU
		{7F5E1CD7-B740-A320-B107-868B7144DA60}.Debug|Any CPU.ActiveCfg = Debug|Any CPU
		{7F5E1CD7-B740-A320-B107-868B7144DA60}.Debug|Any CPU.Build.0 = Debug|Any CPU
		{7F5E1CD7-B740-A320-B107-868B7144DA60}.Release|Any CPU.ActiveCfg = Release|Any CPU
		{7F5E1CD7-B740-A320-B107-868B7144DA60}.Release|Any CPU.Build.0 = Release|Any CPU
		{45B9CE35-60D2-30F4-266D-200CC70F4B0B}.Debug|Any CPU.ActiveCfg = Debug|Any CPU
		{45B9CE35-60D2-30F4-266D-200CC70F4B0B}.Debug|Any CPU.Build.0 = Debug|Any CPU
		{45B9CE35-60D2-30F4-266D-200CC70F4B0B}.Release|Any CPU.ActiveCfg = Release|Any CPU
		{45B9CE35-60D2-30F4-266D-200CC70F4B0B}.Release|Any CPU.Build.0 = Release|Any CPU
		{BDA2B2D6-B3F8-42BC-1B40-869D6B61CC51}.Debug|Any CPU.ActiveCfg = Debug|Any CPU
		{BDA2B2D6-B3F8-42BC-1B40-869D6B61CC51}.Debug|Any CPU.Build.0 = Debug|Any CPU
		{BDA2B2D6-B3F8-42BC-1B40-869D6B61CC51}.Release|Any CPU.ActiveCfg = Release|Any CPU
		{BDA2B2D6-B3F8-42BC-1B40-869D6B61CC51}.Release|Any CPU.Build.0 = Release|Any CPU
	EndGlobalSection
	GlobalSection(SolutionProperties) = preSolution
		HideSolutionNode = FALSE
	EndGlobalSection
	GlobalSection(NestedProjects) = preSolution
		{9B1176FA-492D-99C8-5183-F8EB6E95E9D4} = {C1B0ED89-21F0-4AC7-5F46-ADBA44E225F7}
		{4CB9FA4A-9DD3-1295-5EDB-6240E3056C5A} = {C1B0ED89-21F0-4AC7-5F46-ADBA44E225F7}
		{1D1D13F9-AD9F-C66A-683F-F9D160D65194} = {C1B0ED89-21F0-4AC7-5F46-ADBA44E225F7}
		{12740B35-403A-A562-29A6-1C5317CD921D} = {C1B0ED89-21F0-4AC7-5F46-ADBA44E225F7}
		{BB7F3155-A1CD-D418-5D0D-3BAAAA3D60A9} = {C1B0ED89-21F0-4AC7-5F46-ADBA44E225F7}
		{7F5E1CD7-B740-A320-B107-868B7144DA60} = {C1B0ED89-21F0-4AC7-5F46-ADBA44E225F7}
		{EACBC916-0C10-975D-1DEB-25F9D021096F} = {C1B0ED89-21F0-4AC7-5F46-ADBA44E225F7}
		{45B9CE35-60D2-30F4-266D-200CC70F4B0B} = {EACBC916-0C10-975D-1DEB-25F9D021096F}
		{BDA2B2D6-B3F8-42BC-1B40-869D6B61CC51} = {C1B0ED89-21F0-4AC7-5F46-ADBA44E225F7}
	EndGlobalSection
	GlobalSection(ExtensibilityGlobals) = postSolution
		SolutionGuid = {5EE113F4-6FEA-407C-B406-DBC8EB88A6A0}
	EndGlobalSection
EndGlobal
